// !$*UTF8*$!
{
	archiveVersion = 1;
	classes = {
	};
	objectVersion = 50;
	objects = {

/* Begin PBXBuildFile section */
		FE7097B62120154F005DB92B /* GPSService.swift in Sources */ = {isa = PBXBuildFile; fileRef = FE7097B52120154F005DB92B /* GPSService.swift */; };
		FE7097BA212033FB005DB92B /* Weather.swift in Sources */ = {isa = PBXBuildFile; fileRef = FE7097B9212033FB005DB92B /* Weather.swift */; };
		FE7097BC21203E26005DB92B /* ImageService.swift in Sources */ = {isa = PBXBuildFile; fileRef = FE7097BB21203E26005DB92B /* ImageService.swift */; };
		FECCE866211EC1040058A115 /* AppDelegate.swift in Sources */ = {isa = PBXBuildFile; fileRef = FECCE865211EC1040058A115 /* AppDelegate.swift */; };
		FECCE868211EC1040058A115 /* ViewController.swift in Sources */ = {isa = PBXBuildFile; fileRef = FECCE867211EC1040058A115 /* ViewController.swift */; };
		FECCE86B211EC1040058A115 /* Main.storyboard in Resources */ = {isa = PBXBuildFile; fileRef = FECCE869211EC1040058A115 /* Main.storyboard */; };
		FECCE86D211EC1060058A115 /* Assets.xcassets in Resources */ = {isa = PBXBuildFile; fileRef = FECCE86C211EC1060058A115 /* Assets.xcassets */; };
		FECCE870211EC1060058A115 /* LaunchScreen.storyboard in Resources */ = {isa = PBXBuildFile; fileRef = FECCE86E211EC1060058A115 /* LaunchScreen.storyboard */; };
		FECCE87A211ECBB90058A115 /* response.json in Resources */ = {isa = PBXBuildFile; fileRef = FECCE879211ECBB90058A115 /* response.json */; };
		FECCE87C211ECC1A0058A115 /* WeatherModel.swift in Sources */ = {isa = PBXBuildFile; fileRef = FECCE87B211ECC1A0058A115 /* WeatherModel.swift */; };
		FECCE880211EDE510058A115 /* CacheLoader.swift in Sources */ = {isa = PBXBuildFile; fileRef = FECCE87F211EDE510058A115 /* CacheLoader.swift */; };
		FECCE882211F062B0058A115 /* NetworkLoader.swift in Sources */ = {isa = PBXBuildFile; fileRef = FECCE881211F062B0058A115 /* NetworkLoader.swift */; };
/* End PBXBuildFile section */

/* Begin PBXFileReference section */
		FE7097B52120154F005DB92B /* GPSService.swift */ = {isa = PBXFileReference; lastKnownFileType = sourcecode.swift; path = GPSService.swift; sourceTree = "<group>"; };
		FE7097B9212033FB005DB92B /* Weather.swift */ = {isa = PBXFileReference; lastKnownFileType = sourcecode.swift; path = Weather.swift; sourceTree = "<group>"; };
		FE7097BB21203E26005DB92B /* ImageService.swift */ = {isa = PBXFileReference; lastKnownFileType = sourcecode.swift; path = ImageService.swift; sourceTree = "<group>"; };
		FECCE862211EC1040058A115 /* WeatherApp.app */ = {isa = PBXFileReference; explicitFileType = wrapper.application; includeInIndex = 0; path = WeatherApp.app; sourceTree = BUILT_PRODUCTS_DIR; };
		FECCE865211EC1040058A115 /* AppDelegate.swift */ = {isa = PBXFileReference; lastKnownFileType = sourcecode.swift; path = AppDelegate.swift; sourceTree = "<group>"; };
		FECCE867211EC1040058A115 /* ViewController.swift */ = {isa = PBXFileReference; lastKnownFileType = sourcecode.swift; path = ViewController.swift; sourceTree = "<group>"; };
		FECCE86A211EC1040058A115 /* Base */ = {isa = PBXFileReference; lastKnownFileType = file.storyboard; name = Base; path = Base.lproj/Main.storyboard; sourceTree = "<group>"; };
		FECCE86C211EC1060058A115 /* Assets.xcassets */ = {isa = PBXFileReference; lastKnownFileType = folder.assetcatalog; path = Assets.xcassets; sourceTree = "<group>"; };
		FECCE86F211EC1060058A115 /* Base */ = {isa = PBXFileReference; lastKnownFileType = file.storyboard; name = Base; path = Base.lproj/LaunchScreen.storyboard; sourceTree = "<group>"; };
		FECCE871211EC1060058A115 /* Info.plist */ = {isa = PBXFileReference; lastKnownFileType = text.plist.xml; path = Info.plist; sourceTree = "<group>"; };
		FECCE879211ECBB90058A115 /* response.json */ = {isa = PBXFileReference; lastKnownFileType = text.json; path = response.json; sourceTree = "<group>"; };
		FECCE87B211ECC1A0058A115 /* WeatherModel.swift */ = {isa = PBXFileReference; lastKnownFileType = sourcecode.swift; path = WeatherModel.swift; sourceTree = "<group>"; };
		FECCE87F211EDE510058A115 /* CacheLoader.swift */ = {isa = PBXFileReference; lastKnownFileType = sourcecode.swift; path = CacheLoader.swift; sourceTree = "<group>"; };
		FECCE881211F062B0058A115 /* NetworkLoader.swift */ = {isa = PBXFileReference; lastKnownFileType = sourcecode.swift; path = NetworkLoader.swift; sourceTree = "<group>"; };
/* End PBXFileReference section */

/* Begin PBXFrameworksBuildPhase section */
		FECCE85F211EC1040058A115 /* Frameworks */ = {
			isa = PBXFrameworksBuildPhase;
			buildActionMask = 2147483647;
			files = (
			);
			runOnlyForDeploymentPostprocessing = 0;
		};
/* End PBXFrameworksBuildPhase section */

/* Begin PBXGroup section */
		FE7097B7212025CA005DB92B /* Model */ = {
			isa = PBXGroup;
			children = (
				FECCE87B211ECC1A0058A115 /* WeatherModel.swift */,
				FE7097B9212033FB005DB92B /* Weather.swift */,
			);
			path = Model;
			sourceTree = "<group>";
		};
		FECCE859211EC1040058A115 = {
			isa = PBXGroup;
			children = (
				FECCE864211EC1040058A115 /* WeatherApp */,
				FECCE863211EC1040058A115 /* Products */,
			);
			sourceTree = "<group>";
		};
		FECCE863211EC1040058A115 /* Products */ = {
			isa = PBXGroup;
			children = (
				FECCE862211EC1040058A115 /* WeatherApp.app */,
			);
			name = Products;
			sourceTree = "<group>";
		};
		FECCE864211EC1040058A115 /* WeatherApp */ = {
			isa = PBXGroup;
			children = (
				FE7097B7212025CA005DB92B /* Model */,
				FECCE878211ECB980058A115 /* Resources */,
				FECCE877211ECA8E0058A115 /* Service */,
				FECCE865211EC1040058A115 /* AppDelegate.swift */,
				FECCE867211EC1040058A115 /* ViewController.swift */,
				FECCE869211EC1040058A115 /* Main.storyboard */,
				FECCE86E211EC1060058A115 /* LaunchScreen.storyboard */,
				FECCE871211EC1060058A115 /* Info.plist */,
			);
			path = WeatherApp;
			sourceTree = "<group>";
		};
		FECCE877211ECA8E0058A115 /* Service */ = {
			isa = PBXGroup;
			children = (
				FECCE87F211EDE510058A115 /* CacheLoader.swift */,
				FECCE881211F062B0058A115 /* NetworkLoader.swift */,
				FE7097B52120154F005DB92B /* GPSService.swift */,
				FE7097BB21203E26005DB92B /* ImageService.swift */,
			);
			path = Service;
			sourceTree = "<group>";
		};
		FECCE878211ECB980058A115 /* Resources */ = {
			isa = PBXGroup;
			children = (
				FECCE86C211EC1060058A115 /* Assets.xcassets */,
				FECCE879211ECBB90058A115 /* response.json */,
			);
			path = Resources;
			sourceTree = "<group>";
		};
/* End PBXGroup section */

/* Begin PBXNativeTarget section */
		FECCE861211EC1040058A115 /* WeatherApp */ = {
			isa = PBXNativeTarget;
			buildConfigurationList = FECCE874211EC1060058A115 /* Build configuration list for PBXNativeTarget "WeatherApp" */;
			buildPhases = (
				FECCE85E211EC1040058A115 /* Sources */,
				FECCE85F211EC1040058A115 /* Frameworks */,
				FECCE860211EC1040058A115 /* Resources */,
			);
			buildRules = (
			);
			dependencies = (
			);
			name = WeatherApp;
			productName = WeatherApp;
			productReference = FECCE862211EC1040058A115 /* WeatherApp.app */;
			productType = "com.apple.product-type.application";
		};
/* End PBXNativeTarget section */

/* Begin PBXProject section */
		FECCE85A211EC1040058A115 /* Project object */ = {
			isa = PBXProject;
			attributes = {
				LastSwiftUpdateCheck = 0940;
				LastUpgradeCheck = 0940;
				ORGANIZATIONNAME = "Наталия Семичева";
				TargetAttributes = {
					FECCE861211EC1040058A115 = {
						CreatedOnToolsVersion = 9.4.1;
					};
				};
			};
			buildConfigurationList = FECCE85D211EC1040058A115 /* Build configuration list for PBXProject "WeatherApp" */;
			compatibilityVersion = "Xcode 9.3";
			developmentRegion = en;
			hasScannedForEncodings = 0;
			knownRegions = (
				en,
				Base,
			);
			mainGroup = FECCE859211EC1040058A115;
			productRefGroup = FECCE863211EC1040058A115 /* Products */;
			projectDirPath = "";
			projectRoot = "";
			targets = (
				FECCE861211EC1040058A115 /* WeatherApp */,
			);
		};
/* End PBXProject section */

/* Begin PBXResourcesBuildPhase section */
		FECCE860211EC1040058A115 /* Resources */ = {
			isa = PBXResourcesBuildPhase;
			buildActionMask = 2147483647;
			files = (
				FECCE87A211ECBB90058A115 /* response.json in Resources */,
				FECCE870211EC1060058A115 /* LaunchScreen.storyboard in Resources */,
				FECCE86D211EC1060058A115 /* Assets.xcassets in Resources */,
				FECCE86B211EC1040058A115 /* Main.storyboard in Resources */,
			);
			runOnlyForDeploymentPostprocessing = 0;
		};
/* End PBXResourcesBuildPhase section */

/* Begin PBXSourcesBuildPhase section */
		FECCE85E211EC1040058A115 /* Sources */ = {
			isa = PBXSourcesBuildPhase;
			buildActionMask = 2147483647;
			files = (
				FECCE868211EC1040058A115 /* ViewController.swift in Sources */,
				FE7097BC21203E26005DB92B /* ImageService.swift in Sources */,
				FECCE880211EDE510058A115 /* CacheLoader.swift in Sources */,
				FE7097B62120154F005DB92B /* GPSService.swift in Sources */,
				FECCE87C211ECC1A0058A115 /* WeatherModel.swift in Sources */,
				FE7097BA212033FB005DB92B /* Weather.swift in Sources */,
				FECCE882211F062B0058A115 /* NetworkLoader.swift in Sources */,
				FECCE866211EC1040058A115 /* AppDelegate.swift in Sources */,
			);
			runOnlyForDeploymentPostprocessing = 0;
		};
/* End PBXSourcesBuildPhase section */

/* Begin PBXVariantGroup section */
		FECCE869211EC1040058A115 /* Main.storyboard */ = {
			isa = PBXVariantGroup;
			children = (
				FECCE86A211EC1040058A115 /* Base */,
			);
			name = Main.storyboard;
			sourceTree = "<group>";
		};
		FECCE86E211EC1060058A115 /* LaunchScreen.storyboard */ = {
			isa = PBXVariantGroup;
			children = (
				FECCE86F211EC1060058A115 /* Base */,
			);
			name = LaunchScreen.storyboard;
			sourceTree = "<group>";
		};
/* End PBXVariantGroup section */

/* Begin XCBuildConfiguration section */
		FECCE872211EC1060058A115 /* Debug */ = {
			isa = XCBuildConfiguration;
			buildSettings = {
				ALWAYS_SEARCH_USER_PATHS = NO;
				CLANG_ANALYZER_NONNULL = YES;
				CLANG_ANALYZER_NUMBER_OBJECT_CONVERSION = YES_AGGRESSIVE;
				CLANG_CXX_LANGUAGE_STANDARD = "gnu++14";
				CLANG_CXX_LIBRARY = "libc++";
				CLANG_ENABLE_MODULES = YES;
				CLANG_ENABLE_OBJC_ARC = YES;
				CLANG_ENABLE_OBJC_WEAK = YES;
				CLANG_WARN_BLOCK_CAPTURE_AUTORELEASING = YES;
				CLANG_WARN_BOOL_CONVERSION = YES;
				CLANG_WARN_COMMA = YES;
				CLANG_WARN_CONSTANT_CONVERSION = YES;
				CLANG_WARN_DEPRECATED_OBJC_IMPLEMENTATIONS = YES;
				CLANG_WARN_DIRECT_OBJC_ISA_USAGE = YES_ERROR;
				CLANG_WARN_DOCUMENTATION_COMMENTS = YES;
				CLANG_WARN_EMPTY_BODY = YES;
				CLANG_WARN_ENUM_CONVERSION = YES;
				CLANG_WARN_INFINITE_RECURSION = YES;
				CLANG_WARN_INT_CONVERSION = YES;
				CLANG_WARN_NON_LITERAL_NULL_CONVERSION = YES;
				CLANG_WARN_OBJC_IMPLICIT_RETAIN_SELF = YES;
				CLANG_WARN_OBJC_LITERAL_CONVERSION = YES;
				CLANG_WARN_OBJC_ROOT_CLASS = YES_ERROR;
				CLANG_WARN_RANGE_LOOP_ANALYSIS = YES;
				CLANG_WARN_STRICT_PROTOTYPES = YES;
				CLANG_WARN_SUSPICIOUS_MOVE = YES;
				CLANG_WARN_UNGUARDED_AVAILABILITY = YES_AGGRESSIVE;
				CLANG_WARN_UNREACHABLE_CODE = YES;
				CLANG_WARN__DUPLICATE_METHOD_MATCH = YES;
				CODE_SIGN_IDENTITY = "iPhone Developer";
				COPY_PHASE_STRIP = NO;
				DEBUG_INFORMATION_FORMAT = dwarf;
				ENABLE_STRICT_OBJC_MSGSEND = YES;
				ENABLE_TESTABILITY = YES;
				GCC_C_LANGUAGE_STANDARD = gnu11;
				GCC_DYNAMIC_NO_PIC = NO;
				GCC_NO_COMMON_BLOCKS = YES;
				GCC_OPTIMIZATION_LEVEL = 0;
				GCC_PREPROCESSOR_DEFINITIONS = (
					"DEBUG=1",
					"$(inherited)",
				);
				GCC_WARN_64_TO_32_BIT_CONVERSION = YES;
				GCC_WARN_ABOUT_RETURN_TYPE = YES_ERROR;
				GCC_WARN_UNDECLARED_SELECTOR = YES;
				GCC_WARN_UNINITIALIZED_AUTOS = YES_AGGRESSIVE;
				GCC_WARN_UNUSED_FUNCTION = YES;
				GCC_WARN_UNUSED_VARIABLE = YES;
				IPHONEOS_DEPLOYMENT_TARGET = 11.4;
				MTL_ENABLE_DEBUG_INFO = YES;
				ONLY_ACTIVE_ARCH = YES;
				SDKROOT = iphoneos;
				SWIFT_ACTIVE_COMPILATION_CONDITIONS = DEBUG;
				SWIFT_OPTIMIZATION_LEVEL = "-Onone";
			};
			name = Debug;
		};
		FECCE873211EC1060058A115 /* Release */ = {
			isa = XCBuildConfiguration;
			buildSettings = {
				ALWAYS_SEARCH_USER_PATHS = NO;
				CLANG_ANALYZER_NONNULL = YES;
				CLANG_ANALYZER_NUMBER_OBJECT_CONVERSION = YES_AGGRESSIVE;
				CLANG_CXX_LANGUAGE_STANDARD = "gnu++14";
				CLANG_CXX_LIBRARY = "libc++";
				CLANG_ENABLE_MODULES = YES;
				CLANG_ENABLE_OBJC_ARC = YES;
				CLANG_ENABLE_OBJC_WEAK = YES;
				CLANG_WARN_BLOCK_CAPTURE_AUTORELEASING = YES;
				CLANG_WARN_BOOL_CONVERSION = YES;
				CLANG_WARN_COMMA = YES;
				CLANG_WARN_CONSTANT_CONVERSION = YES;
				CLANG_WARN_DEPRECATED_OBJC_IMPLEMENTATIONS = YES;
				CLANG_WARN_DIRECT_OBJC_ISA_USAGE = YES_ERROR;
				CLANG_WARN_DOCUMENTATION_COMMENTS = YES;
				CLANG_WARN_EMPTY_BODY = YES;
				CLANG_WARN_ENUM_CONVERSION = YES;
				CLANG_WARN_INFINITE_RECURSION = YES;
				CLANG_WARN_INT_CONVERSION = YES;
				CLANG_WARN_NON_LITERAL_NULL_CONVERSION = YES;
				CLANG_WARN_OBJC_IMPLICIT_RETAIN_SELF = YES;
				CLANG_WARN_OBJC_LITERAL_CONVERSION = YES;
				CLANG_WARN_OBJC_ROOT_CLASS = YES_ERROR;
				CLANG_WARN_RANGE_LOOP_ANALYSIS = YES;
				CLANG_WARN_STRICT_PROTOTYPES = YES;
				CLANG_WARN_SUSPICIOUS_MOVE = YES;
				CLANG_WARN_UNGUARDED_AVAILABILITY = YES_AGGRESSIVE;
				CLANG_WARN_UNREACHABLE_CODE = YES;
				CLANG_WARN__DUPLICATE_METHOD_MATCH = YES;
				CODE_SIGN_IDENTITY = "iPhone Developer";
				COPY_PHASE_STRIP = NO;
				DEBUG_INFORMATION_FORMAT = "dwarf-with-dsym";
				ENABLE_NS_ASSERTIONS = NO;
				ENABLE_STRICT_OBJC_MSGSEND = YES;
				GCC_C_LANGUAGE_STANDARD = gnu11;
				GCC_NO_COMMON_BLOCKS = YES;
				GCC_WARN_64_TO_32_BIT_CONVERSION = YES;
				GCC_WARN_ABOUT_RETURN_TYPE = YES_ERROR;
				GCC_WARN_UNDECLARED_SELECTOR = YES;
				GCC_WARN_UNINITIALIZED_AUTOS = YES_AGGRESSIVE;
				GCC_WARN_UNUSED_FUNCTION = YES;
				GCC_WARN_UNUSED_VARIABLE = YES;
				IPHONEOS_DEPLOYMENT_TARGET = 11.4;
				MTL_ENABLE_DEBUG_INFO = NO;
				SDKROOT = iphoneos;
				SWIFT_COMPILATION_MODE = wholemodule;
				SWIFT_OPTIMIZATION_LEVEL = "-O";
				VALIDATE_PRODUCT = YES;
			};
			name = Release;
		};
		FECCE875211EC1060058A115 /* Debug */ = {
			isa = XCBuildConfiguration;
			buildSettings = {
				ASSETCATALOG_COMPILER_APPICON_NAME = AppIcon;
				CODE_SIGN_STYLE = Automatic;
				DEVELOPMENT_TEAM = 5YDRYY444W;
				INFOPLIST_FILE = WeatherApp/Info.plist;
				LD_RUNPATH_SEARCH_PATHS = (
					"$(inherited)",
					"@executable_path/Frameworks",
				);
				PRODUCT_BUNDLE_IDENTIFIER = company.WeatherApp;
				PRODUCT_NAME = "$(TARGET_NAME)";
				SWIFT_VERSION = 4.0;
				TARGETED_DEVICE_FAMILY = "1,2";
			};
			name = Debug;
		};
		FECCE876211EC1060058A115 /* Release */ = {
			isa = XCBuildConfiguration;
			buildSettings = {
				ASSETCATALOG_COMPILER_APPICON_NAME = AppIcon;
				CODE_SIGN_STYLE = Automatic;
				DEVELOPMENT_TEAM = 5YDRYY444W;
				INFOPLIST_FILE = WeatherApp/Info.plist;
				LD_RUNPATH_SEARCH_PATHS = (
					"$(inherited)",
					"@executable_path/Frameworks",
				);
				PRODUCT_BUNDLE_IDENTIFIER = company.WeatherApp;
				PRODUCT_NAME = "$(TARGET_NAME)";
				SWIFT_VERSION = 4.0;
				TARGETED_DEVICE_FAMILY = "1,2";
			};
			name = Release;
		};
/* End XCBuildConfiguration section */

/* Begin XCConfigurationList section */
		FECCE85D211EC1040058A115 /* Build configuration list for PBXProject "WeatherApp" */ = {
			isa = XCConfigurationList;
			buildConfigurations = (
				FECCE872211EC1060058A115 /* Debug */,
				FECCE873211EC1060058A115 /* Release */,
			);
			defaultConfigurationIsVisible = 0;
			defaultConfigurationName = Release;
		};
		FECCE874211EC1060058A115 /* Build configuration list for PBXNativeTarget "WeatherApp" */ = {
			isa = XCConfigurationList;
			buildConfigurations = (
				FECCE875211EC1060058A115 /* Debug */,
				FECCE876211EC1060058A115 /* Release */,
			);
			defaultConfigurationIsVisible = 0;
			defaultConfigurationName = Release;
		};
/* End XCConfigurationList section */
	};
	rootObject = FECCE85A211EC1040058A115 /* Project object */;
}
