// !$*UTF8*$!
{
	archiveVersion = 1;
	classes = {
	};
	objectVersion = 50;
	objects = {

/* Begin PBXBuildFile section */
		FE34BD742122125C00159004 /* LocationProviding.swift in Sources */ = {isa = PBXBuildFile; fileRef = FE34BD732122125C00159004 /* LocationProviding.swift */; };
		FE34BD77212212B500159004 /* Location.swift in Sources */ = {isa = PBXBuildFile; fileRef = FE34BD76212212B500159004 /* Location.swift */; };
		FE34BD832122176E00159004 /* WeatherAppTests.swift in Sources */ = {isa = PBXBuildFile; fileRef = FE34BD822122176E00159004 /* WeatherAppTests.swift */; };
		FE34BD8A2122177500159004 /* NetworkLoaderTests.swift in Sources */ = {isa = PBXBuildFile; fileRef = FE34BD7A2122172700159004 /* NetworkLoaderTests.swift */; };
		FE34BD8B2122177D00159004 /* LocationProviderSpy.swift in Sources */ = {isa = PBXBuildFile; fileRef = FE34BD78212214E600159004 /* LocationProviderSpy.swift */; };
		FE34BD8C212217F100159004 /* NetworkLoader.swift in Sources */ = {isa = PBXBuildFile; fileRef = FECCE881211F062B0058A115 /* NetworkLoader.swift */; };
		FE34BD8D2122183900159004 /* LocationProviding.swift in Sources */ = {isa = PBXBuildFile; fileRef = FE34BD732122125C00159004 /* LocationProviding.swift */; };
		FE34BD8E2122183C00159004 /* Location.swift in Sources */ = {isa = PBXBuildFile; fileRef = FE34BD76212212B500159004 /* Location.swift */; };
		FE34BD90212218CA00159004 /* WeatherModel.swift in Sources */ = {isa = PBXBuildFile; fileRef = FECCE87B211ECC1A0058A115 /* WeatherModel.swift */; };
		FE34BD9121221A7100159004 /* GPSLocationProvider.swift in Sources */ = {isa = PBXBuildFile; fileRef = FE7097B52120154F005DB92B /* GPSLocationProvider.swift */; };
		FE6274942121B99B009159C7 /* Roboto-MediumItalic.ttf in Resources */ = {isa = PBXBuildFile; fileRef = FE6274932121B99B009159C7 /* Roboto-MediumItalic.ttf */; };
		FE6274962121BA6E009159C7 /* Roboto-ThinItalic.ttf in Resources */ = {isa = PBXBuildFile; fileRef = FE6274952121BA6E009159C7 /* Roboto-ThinItalic.ttf */; };
		FE6274982121BA8F009159C7 /* Roboto-Medium.ttf in Resources */ = {isa = PBXBuildFile; fileRef = FE6274972121BA8F009159C7 /* Roboto-Medium.ttf */; };
		FE62749A2121E950009159C7 /* Roboto-LightItalic.ttf in Resources */ = {isa = PBXBuildFile; fileRef = FE6274992121E94F009159C7 /* Roboto-LightItalic.ttf */; };
		FE62749C2121E965009159C7 /* Roboto-Regular.ttf in Resources */ = {isa = PBXBuildFile; fileRef = FE62749B2121E965009159C7 /* Roboto-Regular.ttf */; };
		FE7097B62120154F005DB92B /* GPSLocationProvider.swift in Sources */ = {isa = PBXBuildFile; fileRef = FE7097B52120154F005DB92B /* GPSLocationProvider.swift */; };
		FE7097BA212033FB005DB92B /* Weather.swift in Sources */ = {isa = PBXBuildFile; fileRef = FE7097B9212033FB005DB92B /* Weather.swift */; };
		FE7097BC21203E26005DB92B /* ImageService.swift in Sources */ = {isa = PBXBuildFile; fileRef = FE7097BB21203E26005DB92B /* ImageService.swift */; };
		FE7097BF2120B9C4005DB92B /* WeatherItemCellTableViewCell.swift in Sources */ = {isa = PBXBuildFile; fileRef = FE7097BD2120B9C4005DB92B /* WeatherItemCellTableViewCell.swift */; };
		FE7097C02120B9C4005DB92B /* WeatherItemCellTableViewCell.xib in Resources */ = {isa = PBXBuildFile; fileRef = FE7097BE2120B9C4005DB92B /* WeatherItemCellTableViewCell.xib */; };
		FECCE866211EC1040058A115 /* AppDelegate.swift in Sources */ = {isa = PBXBuildFile; fileRef = FECCE865211EC1040058A115 /* AppDelegate.swift */; };
		FECCE868211EC1040058A115 /* ViewController.swift in Sources */ = {isa = PBXBuildFile; fileRef = FECCE867211EC1040058A115 /* ViewController.swift */; };
		FECCE86B211EC1040058A115 /* Main.storyboard in Resources */ = {isa = PBXBuildFile; fileRef = FECCE869211EC1040058A115 /* Main.storyboard */; };
		FECCE86D211EC1060058A115 /* Assets.xcassets in Resources */ = {isa = PBXBuildFile; fileRef = FECCE86C211EC1060058A115 /* Assets.xcassets */; };
		FECCE870211EC1060058A115 /* LaunchScreen.storyboard in Resources */ = {isa = PBXBuildFile; fileRef = FECCE86E211EC1060058A115 /* LaunchScreen.storyboard */; };
		FECCE87A211ECBB90058A115 /* response.json in Resources */ = {isa = PBXBuildFile; fileRef = FECCE879211ECBB90058A115 /* response.json */; };
		FECCE87C211ECC1A0058A115 /* WeatherModel.swift in Sources */ = {isa = PBXBuildFile; fileRef = FECCE87B211ECC1A0058A115 /* WeatherModel.swift */; };
		FECCE880211EDE510058A115 /* CacheLoader.swift in Sources */ = {isa = PBXBuildFile; fileRef = FECCE87F211EDE510058A115 /* CacheLoader.swift */; };
		FECCE882211F062B0058A115 /* NetworkLoader.swift in Sources */ = {isa = PBXBuildFile; fileRef = FECCE881211F062B0058A115 /* NetworkLoader.swift */; };
/* End PBXBuildFile section */

/* Begin PBXContainerItemProxy section */
		FE34BD852122176E00159004 /* PBXContainerItemProxy */ = {
			isa = PBXContainerItemProxy;
			containerPortal = FECCE85A211EC1040058A115 /* Project object */;
			proxyType = 1;
			remoteGlobalIDString = FECCE861211EC1040058A115;
			remoteInfo = WeatherApp;
		};
/* End PBXContainerItemProxy section */

/* Begin PBXFileReference section */
		FE34BD732122125C00159004 /* LocationProviding.swift */ = {isa = PBXFileReference; lastKnownFileType = sourcecode.swift; path = LocationProviding.swift; sourceTree = "<group>"; };
		FE34BD76212212B500159004 /* Location.swift */ = {isa = PBXFileReference; lastKnownFileType = sourcecode.swift; path = Location.swift; sourceTree = "<group>"; };
		FE34BD78212214E600159004 /* LocationProviderSpy.swift */ = {isa = PBXFileReference; lastKnownFileType = sourcecode.swift; path = LocationProviderSpy.swift; sourceTree = "<group>"; };
		FE34BD7A2122172700159004 /* NetworkLoaderTests.swift */ = {isa = PBXFileReference; lastKnownFileType = sourcecode.swift; path = NetworkLoaderTests.swift; sourceTree = "<group>"; };
		FE34BD802122176E00159004 /* WeatherAppTests.xctest */ = {isa = PBXFileReference; explicitFileType = wrapper.cfbundle; includeInIndex = 0; path = WeatherAppTests.xctest; sourceTree = BUILT_PRODUCTS_DIR; };
		FE34BD822122176E00159004 /* WeatherAppTests.swift */ = {isa = PBXFileReference; lastKnownFileType = sourcecode.swift; path = WeatherAppTests.swift; sourceTree = "<group>"; };
		FE34BD842122176E00159004 /* Info.plist */ = {isa = PBXFileReference; lastKnownFileType = text.plist.xml; path = Info.plist; sourceTree = "<group>"; };
		FE6274932121B99B009159C7 /* Roboto-MediumItalic.ttf */ = {isa = PBXFileReference; lastKnownFileType = file; path = "Roboto-MediumItalic.ttf"; sourceTree = "<group>"; };
		FE6274952121BA6E009159C7 /* Roboto-ThinItalic.ttf */ = {isa = PBXFileReference; lastKnownFileType = file; path = "Roboto-ThinItalic.ttf"; sourceTree = "<group>"; };
		FE6274972121BA8F009159C7 /* Roboto-Medium.ttf */ = {isa = PBXFileReference; lastKnownFileType = file; path = "Roboto-Medium.ttf"; sourceTree = "<group>"; };
		FE6274992121E94F009159C7 /* Roboto-LightItalic.ttf */ = {isa = PBXFileReference; lastKnownFileType = file; path = "Roboto-LightItalic.ttf"; sourceTree = "<group>"; };
		FE62749B2121E965009159C7 /* Roboto-Regular.ttf */ = {isa = PBXFileReference; lastKnownFileType = file; path = "Roboto-Regular.ttf"; sourceTree = "<group>"; };
		FE7097B52120154F005DB92B /* GPSLocationProvider.swift */ = {isa = PBXFileReference; lastKnownFileType = sourcecode.swift; path = GPSLocationProvider.swift; sourceTree = "<group>"; };
		FE7097B9212033FB005DB92B /* Weather.swift */ = {isa = PBXFileReference; lastKnownFileType = sourcecode.swift; path = Weather.swift; sourceTree = "<group>"; };
		FE7097BB21203E26005DB92B /* ImageService.swift */ = {isa = PBXFileReference; lastKnownFileType = sourcecode.swift; path = ImageService.swift; sourceTree = "<group>"; };
		FE7097BD2120B9C4005DB92B /* WeatherItemCellTableViewCell.swift */ = {isa = PBXFileReference; lastKnownFileType = sourcecode.swift; path = WeatherItemCellTableViewCell.swift; sourceTree = "<group>"; };
		FE7097BE2120B9C4005DB92B /* WeatherItemCellTableViewCell.xib */ = {isa = PBXFileReference; lastKnownFileType = file.xib; path = WeatherItemCellTableViewCell.xib; sourceTree = "<group>"; };
		FECCE862211EC1040058A115 /* WeatherApp.app */ = {isa = PBXFileReference; explicitFileType = wrapper.application; includeInIndex = 0; path = WeatherApp.app; sourceTree = BUILT_PRODUCTS_DIR; };
		FECCE865211EC1040058A115 /* AppDelegate.swift */ = {isa = PBXFileReference; lastKnownFileType = sourcecode.swift; path = AppDelegate.swift; sourceTree = "<group>"; };
		FECCE867211EC1040058A115 /* ViewController.swift */ = {isa = PBXFileReference; lastKnownFileType = sourcecode.swift; path = ViewController.swift; sourceTree = "<group>"; };
		FECCE86A211EC1040058A115 /* Base */ = {isa = PBXFileReference; lastKnownFileType = file.storyboard; name = Base; path = Base.lproj/Main.storyboard; sourceTree = "<group>"; };
		FECCE86C211EC1060058A115 /* Assets.xcassets */ = {isa = PBXFileReference; lastKnownFileType = folder.assetcatalog; path = Assets.xcassets; sourceTree = "<group>"; };
		FECCE86F211EC1060058A115 /* Base */ = {isa = PBXFileReference; lastKnownFileType = file.storyboard; name = Base; path = Base.lproj/LaunchScreen.storyboard; sourceTree = "<group>"; };
		FECCE871211EC1060058A115 /* Info.plist */ = {isa = PBXFileReference; lastKnownFileType = text.plist.xml; path = Info.plist; sourceTree = "<group>"; };
		FECCE879211ECBB90058A115 /* response.json */ = {isa = PBXFileReference; lastKnownFileType = text.json; path = response.json; sourceTree = "<group>"; };
		FECCE87B211ECC1A0058A115 /* WeatherModel.swift */ = {isa = PBXFileReference; lastKnownFileType = sourcecode.swift; path = WeatherModel.swift; sourceTree = "<group>"; };
		FECCE87F211EDE510058A115 /* CacheLoader.swift */ = {isa = PBXFileReference; lastKnownFileType = sourcecode.swift; path = CacheLoader.swift; sourceTree = "<group>"; };
		FECCE881211F062B0058A115 /* NetworkLoader.swift */ = {isa = PBXFileReference; lastKnownFileType = sourcecode.swift; path = NetworkLoader.swift; sourceTree = "<group>"; };
/* End PBXFileReference section */

/* Begin PBXFrameworksBuildPhase section */
		FE34BD7D2122176E00159004 /* Frameworks */ = {
			isa = PBXFrameworksBuildPhase;
			buildActionMask = 2147483647;
			files = (
			);
			runOnlyForDeploymentPostprocessing = 0;
		};
		FECCE85F211EC1040058A115 /* Frameworks */ = {
			isa = PBXFrameworksBuildPhase;
			buildActionMask = 2147483647;
			files = (
			);
			runOnlyForDeploymentPostprocessing = 0;
		};
/* End PBXFrameworksBuildPhase section */

/* Begin PBXGroup section */
		FE34BD6E2122116F00159004 /* Network */ = {
			isa = PBXGroup;
			children = (
				FECCE881211F062B0058A115 /* NetworkLoader.swift */,
				FE34BD7A2122172700159004 /* NetworkLoaderTests.swift */,
			);
			path = Network;
			sourceTree = "<group>";
		};
		FE34BD722122123300159004 /* Location */ = {
			isa = PBXGroup;
			children = (
				FE34BD76212212B500159004 /* Location.swift */,
				FE34BD732122125C00159004 /* LocationProviding.swift */,
				FE7097B52120154F005DB92B /* GPSLocationProvider.swift */,
				FE34BD78212214E600159004 /* LocationProviderSpy.swift */,
			);
			path = Location;
			sourceTree = "<group>";
		};
		FE34BD812122176E00159004 /* WeatherAppTests */ = {
			isa = PBXGroup;
			children = (
				FE34BD822122176E00159004 /* WeatherAppTests.swift */,
				FE34BD842122176E00159004 /* Info.plist */,
			);
			path = WeatherAppTests;
			sourceTree = "<group>";
		};
		FE6274922121B936009159C7 /* Font */ = {
			isa = PBXGroup;
			children = (
				FE6274932121B99B009159C7 /* Roboto-MediumItalic.ttf */,
				FE6274952121BA6E009159C7 /* Roboto-ThinItalic.ttf */,
				FE6274992121E94F009159C7 /* Roboto-LightItalic.ttf */,
				FE62749B2121E965009159C7 /* Roboto-Regular.ttf */,
				FE6274972121BA8F009159C7 /* Roboto-Medium.ttf */,
			);
			path = Font;
			sourceTree = "<group>";
		};
		FE7097B7212025CA005DB92B /* Model */ = {
			isa = PBXGroup;
			children = (
				FECCE87B211ECC1A0058A115 /* WeatherModel.swift */,
				FE7097B9212033FB005DB92B /* Weather.swift */,
			);
			path = Model;
			sourceTree = "<group>";
		};
		FECCE859211EC1040058A115 = {
			isa = PBXGroup;
			children = (
				FECCE864211EC1040058A115 /* WeatherApp */,
				FE34BD812122176E00159004 /* WeatherAppTests */,
				FECCE863211EC1040058A115 /* Products */,
			);
			sourceTree = "<group>";
		};
		FECCE863211EC1040058A115 /* Products */ = {
			isa = PBXGroup;
			children = (
				FECCE862211EC1040058A115 /* WeatherApp.app */,
				FE34BD802122176E00159004 /* WeatherAppTests.xctest */,
			);
			name = Products;
			sourceTree = "<group>";
		};
		FECCE864211EC1040058A115 /* WeatherApp */ = {
			isa = PBXGroup;
			children = (
				FE34BD6E2122116F00159004 /* Network */,
				FE6274922121B936009159C7 /* Font */,
				FE7097B7212025CA005DB92B /* Model */,
				FECCE878211ECB980058A115 /* Resources */,
				FECCE877211ECA8E0058A115 /* Service */,
				FECCE865211EC1040058A115 /* AppDelegate.swift */,
				FECCE867211EC1040058A115 /* ViewController.swift */,
				FECCE869211EC1040058A115 /* Main.storyboard */,
				FECCE86E211EC1060058A115 /* LaunchScreen.storyboard */,
				FECCE871211EC1060058A115 /* Info.plist */,
				FE7097BD2120B9C4005DB92B /* WeatherItemCellTableViewCell.swift */,
				FE7097BE2120B9C4005DB92B /* WeatherItemCellTableViewCell.xib */,
			);
			path = WeatherApp;
			sourceTree = "<group>";
		};
		FECCE877211ECA8E0058A115 /* Service */ = {
			isa = PBXGroup;
			children = (
				FE34BD722122123300159004 /* Location */,
				FECCE87F211EDE510058A115 /* CacheLoader.swift */,
				FE7097BB21203E26005DB92B /* ImageService.swift */,
			);
			path = Service;
			sourceTree = "<group>";
		};
		FECCE878211ECB980058A115 /* Resources */ = {
			isa = PBXGroup;
			children = (
				FECCE86C211EC1060058A115 /* Assets.xcassets */,
				FECCE879211ECBB90058A115 /* response.json */,
			);
			path = Resources;
			sourceTree = "<group>";
		};
/* End PBXGroup section */

/* Begin PBXNativeTarget section */
		FE34BD7F2122176E00159004 /* WeatherAppTests */ = {
			isa = PBXNativeTarget;
			buildConfigurationList = FE34BD872122176E00159004 /* Build configuration list for PBXNativeTarget "WeatherAppTests" */;
			buildPhases = (
				FE34BD7C2122176E00159004 /* Sources */,
				FE34BD7D2122176E00159004 /* Frameworks */,
				FE34BD7E2122176E00159004 /* Resources */,
			);
			buildRules = (
			);
			dependencies = (
				FE34BD862122176E00159004 /* PBXTargetDependency */,
			);
			name = WeatherAppTests;
			productName = WeatherAppTests;
			productReference = FE34BD802122176E00159004 /* WeatherAppTests.xctest */;
			productType = "com.apple.product-type.bundle.unit-test";
		};
		FECCE861211EC1040058A115 /* WeatherApp */ = {
			isa = PBXNativeTarget;
			buildConfigurationList = FECCE874211EC1060058A115 /* Build configuration list for PBXNativeTarget "WeatherApp" */;
			buildPhases = (
				FECCE85E211EC1040058A115 /* Sources */,
				FECCE85F211EC1040058A115 /* Frameworks */,
				FECCE860211EC1040058A115 /* Resources */,
			);
			buildRules = (
			);
			dependencies = (
			);
			name = WeatherApp;
			productName = WeatherApp;
			productReference = FECCE862211EC1040058A115 /* WeatherApp.app */;
			productType = "com.apple.product-type.application";
		};
/* End PBXNativeTarget section */

/* Begin PBXProject section */
		FECCE85A211EC1040058A115 /* Project object */ = {
			isa = PBXProject;
			attributes = {
				LastSwiftUpdateCheck = 0940;
				LastUpgradeCheck = 0940;
				ORGANIZATIONNAME = "Наталия Семичева";
				TargetAttributes = {
					FE34BD7F2122176E00159004 = {
						CreatedOnToolsVersion = 9.4.1;
						TestTargetID = FECCE861211EC1040058A115;
					};
					FECCE861211EC1040058A115 = {
						CreatedOnToolsVersion = 9.4.1;
					};
				};
			};
			buildConfigurationList = FECCE85D211EC1040058A115 /* Build configuration list for PBXProject "WeatherApp" */;
			compatibilityVersion = "Xcode 9.3";
			developmentRegion = en;
			hasScannedForEncodings = 0;
			knownRegions = (
				en,
				Base,
			);
			mainGroup = FECCE859211EC1040058A115;
			productRefGroup = FECCE863211EC1040058A115 /* Products */;
			projectDirPath = "";
			projectRoot = "";
			targets = (
				FECCE861211EC1040058A115 /* WeatherApp */,
				FE34BD7F2122176E00159004 /* WeatherAppTests */,
			);
		};
/* End PBXProject section */

/* Begin PBXResourcesBuildPhase section */
		FE34BD7E2122176E00159004 /* Resources */ = {
			isa = PBXResourcesBuildPhase;
			buildActionMask = 2147483647;
			files = (
			);
			runOnlyForDeploymentPostprocessing = 0;
		};
		FECCE860211EC1040058A115 /* Resources */ = {
			isa = PBXResourcesBuildPhase;
			buildActionMask = 2147483647;
			files = (
				FE6274982121BA8F009159C7 /* Roboto-Medium.ttf in Resources */,
				FECCE87A211ECBB90058A115 /* response.json in Resources */,
				FE62749C2121E965009159C7 /* Roboto-Regular.ttf in Resources */,
				FE7097C02120B9C4005DB92B /* WeatherItemCellTableViewCell.xib in Resources */,
				FECCE870211EC1060058A115 /* LaunchScreen.storyboard in Resources */,
				FE6274962121BA6E009159C7 /* Roboto-ThinItalic.ttf in Resources */,
				FE62749A2121E950009159C7 /* Roboto-LightItalic.ttf in Resources */,
				FECCE86D211EC1060058A115 /* Assets.xcassets in Resources */,
				FE6274942121B99B009159C7 /* Roboto-MediumItalic.ttf in Resources */,
				FECCE86B211EC1040058A115 /* Main.storyboard in Resources */,
			);
			runOnlyForDeploymentPostprocessing = 0;
		};
/* End PBXResourcesBuildPhase section */

/* Begin PBXSourcesBuildPhase section */
		FE34BD7C2122176E00159004 /* Sources */ = {
			isa = PBXSourcesBuildPhase;
			buildActionMask = 2147483647;
			files = (
				FE34BD8D2122183900159004 /* LocationProviding.swift in Sources */,
				FE34BD832122176E00159004 /* WeatherAppTests.swift in Sources */,
				FE34BD9121221A7100159004 /* GPSLocationProvider.swift in Sources */,
				FE34BD8B2122177D00159004 /* LocationProviderSpy.swift in Sources */,
				FE34BD90212218CA00159004 /* WeatherModel.swift in Sources */,
				FE34BD8A2122177500159004 /* NetworkLoaderTests.swift in Sources */,
				FE34BD8E2122183C00159004 /* Location.swift in Sources */,
				FE34BD8C212217F100159004 /* NetworkLoader.swift in Sources */,
			);
			runOnlyForDeploymentPostprocessing = 0;
		};
		FECCE85E211EC1040058A115 /* Sources */ = {
			isa = PBXSourcesBuildPhase;
			buildActionMask = 2147483647;
			files = (
				FECCE868211EC1040058A115 /* ViewController.swift in Sources */,
				FE7097BC21203E26005DB92B /* ImageService.swift in Sources */,
				FE34BD742122125C00159004 /* LocationProviding.swift in Sources */,
				FECCE880211EDE510058A115 /* CacheLoader.swift in Sources */,
				FE7097B62120154F005DB92B /* GPSLocationProvider.swift in Sources */,
				FECCE87C211ECC1A0058A115 /* WeatherModel.swift in Sources */,
				FE7097BA212033FB005DB92B /* Weather.swift in Sources */,
				FECCE882211F062B0058A115 /* NetworkLoader.swift in Sources */,
				FE7097BF2120B9C4005DB92B /* WeatherItemCellTableViewCell.swift in Sources */,
				FE34BD77212212B500159004 /* Location.swift in Sources */,
				FECCE866211EC1040058A115 /* AppDelegate.swift in Sources */,
			);
			runOnlyForDeploymentPostprocessing = 0;
		};
/* End PBXSourcesBuildPhase section */

/* Begin PBXTargetDependency section */
		FE34BD862122176E00159004 /* PBXTargetDependency */ = {
			isa = PBXTargetDependency;
			target = FECCE861211EC1040058A115 /* WeatherApp */;
			targetProxy = FE34BD852122176E00159004 /* PBXContainerItemProxy */;
		};
/* End PBXTargetDependency section */

/* Begin PBXVariantGroup section */
		FECCE869211EC1040058A115 /* Main.storyboard */ = {
			isa = PBXVariantGroup;
			children = (
				FECCE86A211EC1040058A115 /* Base */,
			);
			name = Main.storyboard;
			sourceTree = "<group>";
		};
		FECCE86E211EC1060058A115 /* LaunchScreen.storyboard */ = {
			isa = PBXVariantGroup;
			children = (
				FECCE86F211EC1060058A115 /* Base */,
			);
			name = LaunchScreen.storyboard;
			sourceTree = "<group>";
		};
/* End PBXVariantGroup section */

/* Begin XCBuildConfiguration section */
		FE34BD882122176E00159004 /* Debug */ = {
			isa = XCBuildConfiguration;
			buildSettings = {
				BUNDLE_LOADER = "$(TEST_HOST)";
				CODE_SIGN_STYLE = Automatic;
				DEVELOPMENT_TEAM = 5YDRYY444W;
				INFOPLIST_FILE = WeatherAppTests/Info.plist;
				LD_RUNPATH_SEARCH_PATHS = (
					"$(inherited)",
					"@executable_path/Frameworks",
					"@loader_path/Frameworks",
				);
				PRODUCT_BUNDLE_IDENTIFIER = company.WeatherAppTests;
				PRODUCT_NAME = "$(TARGET_NAME)";
				SWIFT_VERSION = 4.0;
				TARGETED_DEVICE_FAMILY = "1,2";
				TEST_HOST = "$(BUILT_PRODUCTS_DIR)/WeatherApp.app/WeatherApp";
			};
			name = Debug;
		};
		FE34BD892122176E00159004 /* Release */ = {
			isa = XCBuildConfiguration;
			buildSettings = {
				BUNDLE_LOADER = "$(TEST_HOST)";
				CODE_SIGN_STYLE = Automatic;
				DEVELOPMENT_TEAM = 5YDRYY444W;
				INFOPLIST_FILE = WeatherAppTests/Info.plist;
				LD_RUNPATH_SEARCH_PATHS = (
					"$(inherited)",
					"@executable_path/Frameworks",
					"@loader_path/Frameworks",
				);
				PRODUCT_BUNDLE_IDENTIFIER = company.WeatherAppTests;
				PRODUCT_NAME = "$(TARGET_NAME)";
				SWIFT_VERSION = 4.0;
				TARGETED_DEVICE_FAMILY = "1,2";
				TEST_HOST = "$(BUILT_PRODUCTS_DIR)/WeatherApp.app/WeatherApp";
			};
			name = Release;
		};
		FECCE872211EC1060058A115 /* Debug */ = {
			isa = XCBuildConfiguration;
			buildSettings = {
				ALWAYS_SEARCH_USER_PATHS = NO;
				CLANG_ANALYZER_NONNULL = YES;
				CLANG_ANALYZER_NUMBER_OBJECT_CONVERSION = YES_AGGRESSIVE;
				CLANG_CXX_LANGUAGE_STANDARD = "gnu++14";
				CLANG_CXX_LIBRARY = "libc++";
				CLANG_ENABLE_MODULES = YES;
				CLANG_ENABLE_OBJC_ARC = YES;
				CLANG_ENABLE_OBJC_WEAK = YES;
				CLANG_WARN_BLOCK_CAPTURE_AUTORELEASING = YES;
				CLANG_WARN_BOOL_CONVERSION = YES;
				CLANG_WARN_COMMA = YES;
				CLANG_WARN_CONSTANT_CONVERSION = YES;
				CLANG_WARN_DEPRECATED_OBJC_IMPLEMENTATIONS = YES;
				CLANG_WARN_DIRECT_OBJC_ISA_USAGE = YES_ERROR;
				CLANG_WARN_DOCUMENTATION_COMMENTS = YES;
				CLANG_WARN_EMPTY_BODY = YES;
				CLANG_WARN_ENUM_CONVERSION = YES;
				CLANG_WARN_INFINITE_RECURSION = YES;
				CLANG_WARN_INT_CONVERSION = YES;
				CLANG_WARN_NON_LITERAL_NULL_CONVERSION = YES;
				CLANG_WARN_OBJC_IMPLICIT_RETAIN_SELF = YES;
				CLANG_WARN_OBJC_LITERAL_CONVERSION = YES;
				CLANG_WARN_OBJC_ROOT_CLASS = YES_ERROR;
				CLANG_WARN_RANGE_LOOP_ANALYSIS = YES;
				CLANG_WARN_STRICT_PROTOTYPES = YES;
				CLANG_WARN_SUSPICIOUS_MOVE = YES;
				CLANG_WARN_UNGUARDED_AVAILABILITY = YES_AGGRESSIVE;
				CLANG_WARN_UNREACHABLE_CODE = YES;
				CLANG_WARN__DUPLICATE_METHOD_MATCH = YES;
				CODE_SIGN_IDENTITY = "iPhone Developer";
				COPY_PHASE_STRIP = NO;
				DEBUG_INFORMATION_FORMAT = dwarf;
				ENABLE_STRICT_OBJC_MSGSEND = YES;
				ENABLE_TESTABILITY = YES;
				GCC_C_LANGUAGE_STANDARD = gnu11;
				GCC_DYNAMIC_NO_PIC = NO;
				GCC_NO_COMMON_BLOCKS = YES;
				GCC_OPTIMIZATION_LEVEL = 0;
				GCC_PREPROCESSOR_DEFINITIONS = (
					"DEBUG=1",
					"$(inherited)",
				);
				GCC_WARN_64_TO_32_BIT_CONVERSION = YES;
				GCC_WARN_ABOUT_RETURN_TYPE = YES_ERROR;
				GCC_WARN_UNDECLARED_SELECTOR = YES;
				GCC_WARN_UNINITIALIZED_AUTOS = YES_AGGRESSIVE;
				GCC_WARN_UNUSED_FUNCTION = YES;
				GCC_WARN_UNUSED_VARIABLE = YES;
				IPHONEOS_DEPLOYMENT_TARGET = 11.4;
				MTL_ENABLE_DEBUG_INFO = YES;
				ONLY_ACTIVE_ARCH = YES;
				SDKROOT = iphoneos;
				SWIFT_ACTIVE_COMPILATION_CONDITIONS = DEBUG;
				SWIFT_OPTIMIZATION_LEVEL = "-Onone";
			};
			name = Debug;
		};
		FECCE873211EC1060058A115 /* Release */ = {
			isa = XCBuildConfiguration;
			buildSettings = {
				ALWAYS_SEARCH_USER_PATHS = NO;
				CLANG_ANALYZER_NONNULL = YES;
				CLANG_ANALYZER_NUMBER_OBJECT_CONVERSION = YES_AGGRESSIVE;
				CLANG_CXX_LANGUAGE_STANDARD = "gnu++14";
				CLANG_CXX_LIBRARY = "libc++";
				CLANG_ENABLE_MODULES = YES;
				CLANG_ENABLE_OBJC_ARC = YES;
				CLANG_ENABLE_OBJC_WEAK = YES;
				CLANG_WARN_BLOCK_CAPTURE_AUTORELEASING = YES;
				CLANG_WARN_BOOL_CONVERSION = YES;
				CLANG_WARN_COMMA = YES;
				CLANG_WARN_CONSTANT_CONVERSION = YES;
				CLANG_WARN_DEPRECATED_OBJC_IMPLEMENTATIONS = YES;
				CLANG_WARN_DIRECT_OBJC_ISA_USAGE = YES_ERROR;
				CLANG_WARN_DOCUMENTATION_COMMENTS = YES;
				CLANG_WARN_EMPTY_BODY = YES;
				CLANG_WARN_ENUM_CONVERSION = YES;
				CLANG_WARN_INFINITE_RECURSION = YES;
				CLANG_WARN_INT_CONVERSION = YES;
				CLANG_WARN_NON_LITERAL_NULL_CONVERSION = YES;
				CLANG_WARN_OBJC_IMPLICIT_RETAIN_SELF = YES;
				CLANG_WARN_OBJC_LITERAL_CONVERSION = YES;
				CLANG_WARN_OBJC_ROOT_CLASS = YES_ERROR;
				CLANG_WARN_RANGE_LOOP_ANALYSIS = YES;
				CLANG_WARN_STRICT_PROTOTYPES = YES;
				CLANG_WARN_SUSPICIOUS_MOVE = YES;
				CLANG_WARN_UNGUARDED_AVAILABILITY = YES_AGGRESSIVE;
				CLANG_WARN_UNREACHABLE_CODE = YES;
				CLANG_WARN__DUPLICATE_METHOD_MATCH = YES;
				CODE_SIGN_IDENTITY = "iPhone Developer";
				COPY_PHASE_STRIP = NO;
				DEBUG_INFORMATION_FORMAT = "dwarf-with-dsym";
				ENABLE_NS_ASSERTIONS = NO;
				ENABLE_STRICT_OBJC_MSGSEND = YES;
				GCC_C_LANGUAGE_STANDARD = gnu11;
				GCC_NO_COMMON_BLOCKS = YES;
				GCC_WARN_64_TO_32_BIT_CONVERSION = YES;
				GCC_WARN_ABOUT_RETURN_TYPE = YES_ERROR;
				GCC_WARN_UNDECLARED_SELECTOR = YES;
				GCC_WARN_UNINITIALIZED_AUTOS = YES_AGGRESSIVE;
				GCC_WARN_UNUSED_FUNCTION = YES;
				GCC_WARN_UNUSED_VARIABLE = YES;
				IPHONEOS_DEPLOYMENT_TARGET = 11.4;
				MTL_ENABLE_DEBUG_INFO = NO;
				SDKROOT = iphoneos;
				SWIFT_COMPILATION_MODE = wholemodule;
				SWIFT_OPTIMIZATION_LEVEL = "-O";
				VALIDATE_PRODUCT = YES;
			};
			name = Release;
		};
		FECCE875211EC1060058A115 /* Debug */ = {
			isa = XCBuildConfiguration;
			buildSettings = {
				ASSETCATALOG_COMPILER_APPICON_NAME = AppIcon;
				CODE_SIGN_STYLE = Automatic;
				DEVELOPMENT_TEAM = 5YDRYY444W;
				INFOPLIST_FILE = WeatherApp/Info.plist;
				LD_RUNPATH_SEARCH_PATHS = (
					"$(inherited)",
					"@executable_path/Frameworks",
				);
				PRODUCT_BUNDLE_IDENTIFIER = company.WeatherApp;
				PRODUCT_NAME = "$(TARGET_NAME)";
				SWIFT_VERSION = 4.0;
				TARGETED_DEVICE_FAMILY = "1,2";
			};
			name = Debug;
		};
		FECCE876211EC1060058A115 /* Release */ = {
			isa = XCBuildConfiguration;
			buildSettings = {
				ASSETCATALOG_COMPILER_APPICON_NAME = AppIcon;
				CODE_SIGN_STYLE = Automatic;
				DEVELOPMENT_TEAM = 5YDRYY444W;
				INFOPLIST_FILE = WeatherApp/Info.plist;
				LD_RUNPATH_SEARCH_PATHS = (
					"$(inherited)",
					"@executable_path/Frameworks",
				);
				PRODUCT_BUNDLE_IDENTIFIER = company.WeatherApp;
				PRODUCT_NAME = "$(TARGET_NAME)";
				SWIFT_VERSION = 4.0;
				TARGETED_DEVICE_FAMILY = "1,2";
			};
			name = Release;
		};
/* End XCBuildConfiguration section */

/* Begin XCConfigurationList section */
		FE34BD872122176E00159004 /* Build configuration list for PBXNativeTarget "WeatherAppTests" */ = {
			isa = XCConfigurationList;
			buildConfigurations = (
				FE34BD882122176E00159004 /* Debug */,
				FE34BD892122176E00159004 /* Release */,
			);
			defaultConfigurationIsVisible = 0;
			defaultConfigurationName = Release;
		};
		FECCE85D211EC1040058A115 /* Build configuration list for PBXProject "WeatherApp" */ = {
			isa = XCConfigurationList;
			buildConfigurations = (
				FECCE872211EC1060058A115 /* Debug */,
				FECCE873211EC1060058A115 /* Release */,
			);
			defaultConfigurationIsVisible = 0;
			defaultConfigurationName = Release;
		};
		FECCE874211EC1060058A115 /* Build configuration list for PBXNativeTarget "WeatherApp" */ = {
			isa = XCConfigurationList;
			buildConfigurations = (
				FECCE875211EC1060058A115 /* Debug */,
				FECCE876211EC1060058A115 /* Release */,
			);
			defaultConfigurationIsVisible = 0;
			defaultConfigurationName = Release;
		};
/* End XCConfigurationList section */
	};
	rootObject = FECCE85A211EC1040058A115 /* Project object */;
}
